
Microsoft Visual Studio Solution File, Format Version 12.00
# Visual Studio Version 17
VisualStudioVersion = 17.8.34316.72
MinimumVisualStudioVersion = 10.0.40219.1
Project("{888888A0-9F3D-457C-B088-3A5042F75D52}") = "RashetCstFire", "RashetCstFire.pyproj", "{598618A3-3940-4B7B-8FA7-32CD3705E552}"
EndProject
Global
	GlobalSection(SolutionConfigurationPlatforms) = preSolution
		Debug|Any CPU = Debug|Any CPU
		Release|Any CPU = Release|Any CPU
	EndGlobalSection
	GlobalSection(ProjectConfigurationPlatforms) = postSolution
		{598618A3-3940-4B7B-8FA7-32CD3705E552}.Debug|Any CPU.ActiveCfg = Debug|Any CPU
		{598618A3-3940-4B7B-8FA7-32CD3705E552}.Release|Any CPU.ActiveCfg = Release|Any CPU
	EndGlobalSection
	GlobalSection(SolutionProperties) = preSolution
		HideSolutionNode = FALSE
	EndGlobalSection
	GlobalSection(ExtensibilityGlobals) = postSolution
		SolutionGuid = {03AB0071-8BD0-471B-88A0-8D2B09BCEFAB}
	EndGlobalSection
EndGlobal
